{
  "name": "test",
  "version": "1.0.0",
  "lockfileVersion": 3,
  "requires": true,
  "packages": {
    "": {
      "name": "test",
      "version": "1.0.0",
      "license": "ISC",
      "dependencies": {
        "wikari": "^0.2.1"
      },
      "devDependencies": {}
    },
    "node_modules/wikari": {
      "version": "0.2.1",
      "resolved": "https://registry.npmjs.org/wikari/-/wikari-0.2.1.tgz",
      "integrity": "sha512-2un6KQRdgro76S5hHkeLEZc7MbHuQZy3OODC/qTnsNPmcGikhnKtlxhDtgNSB9P0epyDbDDNm5AAfK7t3mzddA=="
    }
  }
}
